
Microsoft Visual Studio Solution File, Format Version 12.00
# Visual Studio Version 17
VisualStudioVersion = 17.8.34330.188
MinimumVisualStudioVersion = 10.0.40219.1
Project("{2150E333-8FDC-42A3-9474-1A3956D46DE8}") = "FrontEnd", "FrontEnd", "{499F484D-DC78-43E0-837E-9EF04AC1E806}"
EndProject
Project("{2150E333-8FDC-42A3-9474-1A3956D46DE8}") = "Gateway", "Gateway", "{A6F0DCB5-8F7D-4D38-A2B4-3BEC62459950}"
EndProject
Project("{2150E333-8FDC-42A3-9474-1A3956D46DE8}") = "BuildingBlocks", "BuildingBlocks", "{738C7F92-B30A-4372-91DC-E03C7315073F}"
EndProject
Project("{2150E333-8FDC-42A3-9474-1A3956D46DE8}") = "Services", "Services", "{63FF032E-3E8F-4BAB-8EE3-E26C1A553D1C}"
EndProject
Project("{9A19103F-16F7-4668-BE54-9A1E7A4F7556}") = "WebApp", "WebApp\WebApp.csproj", "{69A61C82-0218-4A3D-BD12-E1DDB516988D}"
EndProject
Project("{9A19103F-16F7-4668-BE54-9A1E7A4F7556}") = "Web.Services.AuthAPI", "Web.Services.AuthAPI\Web.Services.AuthAPI.csproj", "{F09D11A6-37B7-4176-A996-D9B3CD9ACE4D}"
EndProject
Project("{9A19103F-16F7-4668-BE54-9A1E7A4F7556}") = "Web.Services.ProductAPI", "Web.Services.ProductAPI\Web.Services.ProductAPI.csproj", "{9DEC8242-D4F0-41DA-A68C-4723BEF796FA}"
EndProject
Project("{9A19103F-16F7-4668-BE54-9A1E7A4F7556}") = "Web.Services.InventoryAPI", "Web.Services.InventoryAPI\Web.Services.InventoryAPI.csproj", "{0C24ED66-7AED-4D00-BF24-1F2C29F531E8}"
EndProject
Project("{9A19103F-16F7-4668-BE54-9A1E7A4F7556}") = "Web.Services.OrderAPI", "Web.Services.OrderAPI\Web.Services.OrderAPI.csproj", "{1CB2002C-9C75-4CCC-B61D-CE86B88894AC}"
EndProject
Project("{9A19103F-16F7-4668-BE54-9A1E7A4F7556}") = "Web.Services.ShoppingCartAPI", "Web.Services.ShoppingCartAPI\Web.Services.ShoppingCartAPI.csproj", "{8B676DFD-0394-4A89-885A-32D132FF1A1F}"
EndProject
Project("{9A19103F-16F7-4668-BE54-9A1E7A4F7556}") = "Web.Services.PaymentAPI", "Web.Servies.PaymentAPI\Web.Services.PaymentAPI.csproj", "{D08B8A0D-175C-4BC5-A49D-29E22B17DC33}"
EndProject
Project("{9A19103F-16F7-4668-BE54-9A1E7A4F7556}") = "Web.Services.EmailAPI", "Web.Services.EmailAPI\Web.Services.EmailAPI.csproj", "{69B6E322-3557-4378-9A10-BFBB3EED2D21}"
EndProject
Project("{9A19103F-16F7-4668-BE54-9A1E7A4F7556}") = "Web.GetwaySolution", "Web.GetwaySolution\Web.GetwaySolution.csproj", "{0087595E-3390-4A00-81F8-320C561664F7}"
EndProject
Project("{9A19103F-16F7-4668-BE54-9A1E7A4F7556}") = "Web.Services.CouponAPI", "Web.Services.CouponAPI\Web.Services.CouponAPI.csproj", "{5B0A08B9-91BB-4898-A96F-FAC10771B38D}"
EndProject
Project("{9A19103F-16F7-4668-BE54-9A1E7A4F7556}") = "Shared", "Shared\Shared.csproj", "{4753BA78-92D4-4083-A34A-EF5315C6C0DF}"
EndProject
Project("{9A19103F-16F7-4668-BE54-9A1E7A4F7556}") = "EventBus.Messages", "EventBus.Messages\EventBus.Messages.csproj", "{FD1CF892-BA9A-4DFB-A700-02CDAB8FF694}"
EndProject
Project("{9A19103F-16F7-4668-BE54-9A1E7A4F7556}") = "FileUpload", "FileUpload\FileUpload.csproj", "{C177EAEB-4197-4AF4-B7C9-E821C0115416}"
EndProject
Project("{9A19103F-16F7-4668-BE54-9A1E7A4F7556}") = "CallService", "CallService\CallService.csproj", "{3A1EE8E5-74BB-4091-9B52-8DD7C1072C4F}"
EndProject
Global
	GlobalSection(SolutionConfigurationPlatforms) = preSolution
		Debug|Any CPU = Debug|Any CPU
		Release|Any CPU = Release|Any CPU
	EndGlobalSection
	GlobalSection(ProjectConfigurationPlatforms) = postSolution
		{69A61C82-0218-4A3D-BD12-E1DDB516988D}.Debug|Any CPU.ActiveCfg = Debug|Any CPU
		{69A61C82-0218-4A3D-BD12-E1DDB516988D}.Debug|Any CPU.Build.0 = Debug|Any CPU
		{69A61C82-0218-4A3D-BD12-E1DDB516988D}.Release|Any CPU.ActiveCfg = Release|Any CPU
		{69A61C82-0218-4A3D-BD12-E1DDB516988D}.Release|Any CPU.Build.0 = Release|Any CPU
		{F09D11A6-37B7-4176-A996-D9B3CD9ACE4D}.Debug|Any CPU.ActiveCfg = Debug|Any CPU
		{F09D11A6-37B7-4176-A996-D9B3CD9ACE4D}.Debug|Any CPU.Build.0 = Debug|Any CPU
		{F09D11A6-37B7-4176-A996-D9B3CD9ACE4D}.Release|Any CPU.ActiveCfg = Release|Any CPU
		{F09D11A6-37B7-4176-A996-D9B3CD9ACE4D}.Release|Any CPU.Build.0 = Release|Any CPU
		{9DEC8242-D4F0-41DA-A68C-4723BEF796FA}.Debug|Any CPU.ActiveCfg = Debug|Any CPU
		{9DEC8242-D4F0-41DA-A68C-4723BEF796FA}.Debug|Any CPU.Build.0 = Debug|Any CPU
		{9DEC8242-D4F0-41DA-A68C-4723BEF796FA}.Release|Any CPU.ActiveCfg = Release|Any CPU
		{9DEC8242-D4F0-41DA-A68C-4723BEF796FA}.Release|Any CPU.Build.0 = Release|Any CPU
		{0C24ED66-7AED-4D00-BF24-1F2C29F531E8}.Debug|Any CPU.ActiveCfg = Debug|Any CPU
		{0C24ED66-7AED-4D00-BF24-1F2C29F531E8}.Debug|Any CPU.Build.0 = Debug|Any CPU
		{0C24ED66-7AED-4D00-BF24-1F2C29F531E8}.Release|Any CPU.ActiveCfg = Release|Any CPU
		{0C24ED66-7AED-4D00-BF24-1F2C29F531E8}.Release|Any CPU.Build.0 = Release|Any CPU
		{1CB2002C-9C75-4CCC-B61D-CE86B88894AC}.Debug|Any CPU.ActiveCfg = Debug|Any CPU
		{1CB2002C-9C75-4CCC-B61D-CE86B88894AC}.Debug|Any CPU.Build.0 = Debug|Any CPU
		{1CB2002C-9C75-4CCC-B61D-CE86B88894AC}.Release|Any CPU.ActiveCfg = Release|Any CPU
		{1CB2002C-9C75-4CCC-B61D-CE86B88894AC}.Release|Any CPU.Build.0 = Release|Any CPU
		{8B676DFD-0394-4A89-885A-32D132FF1A1F}.Debug|Any CPU.ActiveCfg = Debug|Any CPU
		{8B676DFD-0394-4A89-885A-32D132FF1A1F}.Debug|Any CPU.Build.0 = Debug|Any CPU
		{8B676DFD-0394-4A89-885A-32D132FF1A1F}.Release|Any CPU.ActiveCfg = Release|Any CPU
		{8B676DFD-0394-4A89-885A-32D132FF1A1F}.Release|Any CPU.Build.0 = Release|Any CPU
		{D08B8A0D-175C-4BC5-A49D-29E22B17DC33}.Debug|Any CPU.ActiveCfg = Debug|Any CPU
		{D08B8A0D-175C-4BC5-A49D-29E22B17DC33}.Debug|Any CPU.Build.0 = Debug|Any CPU
		{D08B8A0D-175C-4BC5-A49D-29E22B17DC33}.Release|Any CPU.ActiveCfg = Release|Any CPU
		{D08B8A0D-175C-4BC5-A49D-29E22B17DC33}.Release|Any CPU.Build.0 = Release|Any CPU
		{69B6E322-3557-4378-9A10-BFBB3EED2D21}.Debug|Any CPU.ActiveCfg = Debug|Any CPU
		{69B6E322-3557-4378-9A10-BFBB3EED2D21}.Debug|Any CPU.Build.0 = Debug|Any CPU
		{69B6E322-3557-4378-9A10-BFBB3EED2D21}.Release|Any CPU.ActiveCfg = Release|Any CPU
		{69B6E322-3557-4378-9A10-BFBB3EED2D21}.Release|Any CPU.Build.0 = Release|Any CPU
		{0087595E-3390-4A00-81F8-320C561664F7}.Debug|Any CPU.ActiveCfg = Debug|Any CPU
		{0087595E-3390-4A00-81F8-320C561664F7}.Debug|Any CPU.Build.0 = Debug|Any CPU
		{0087595E-3390-4A00-81F8-320C561664F7}.Release|Any CPU.ActiveCfg = Release|Any CPU
		{0087595E-3390-4A00-81F8-320C561664F7}.Release|Any CPU.Build.0 = Release|Any CPU
		{5B0A08B9-91BB-4898-A96F-FAC10771B38D}.Debug|Any CPU.ActiveCfg = Debug|Any CPU
		{5B0A08B9-91BB-4898-A96F-FAC10771B38D}.Debug|Any CPU.Build.0 = Debug|Any CPU
		{5B0A08B9-91BB-4898-A96F-FAC10771B38D}.Release|Any CPU.ActiveCfg = Release|Any CPU
		{5B0A08B9-91BB-4898-A96F-FAC10771B38D}.Release|Any CPU.Build.0 = Release|Any CPU
		{4753BA78-92D4-4083-A34A-EF5315C6C0DF}.Debug|Any CPU.ActiveCfg = Debug|Any CPU
		{4753BA78-92D4-4083-A34A-EF5315C6C0DF}.Debug|Any CPU.Build.0 = Debug|Any CPU
		{4753BA78-92D4-4083-A34A-EF5315C6C0DF}.Release|Any CPU.ActiveCfg = Release|Any CPU
		{4753BA78-92D4-4083-A34A-EF5315C6C0DF}.Release|Any CPU.Build.0 = Release|Any CPU
		{FD1CF892-BA9A-4DFB-A700-02CDAB8FF694}.Debug|Any CPU.ActiveCfg = Debug|Any CPU
		{FD1CF892-BA9A-4DFB-A700-02CDAB8FF694}.Debug|Any CPU.Build.0 = Debug|Any CPU
		{FD1CF892-BA9A-4DFB-A700-02CDAB8FF694}.Release|Any CPU.ActiveCfg = Release|Any CPU
		{FD1CF892-BA9A-4DFB-A700-02CDAB8FF694}.Release|Any CPU.Build.0 = Release|Any CPU
		{C177EAEB-4197-4AF4-B7C9-E821C0115416}.Debug|Any CPU.ActiveCfg = Debug|Any CPU
		{C177EAEB-4197-4AF4-B7C9-E821C0115416}.Debug|Any CPU.Build.0 = Debug|Any CPU
		{C177EAEB-4197-4AF4-B7C9-E821C0115416}.Release|Any CPU.ActiveCfg = Release|Any CPU
		{C177EAEB-4197-4AF4-B7C9-E821C0115416}.Release|Any CPU.Build.0 = Release|Any CPU
		{3A1EE8E5-74BB-4091-9B52-8DD7C1072C4F}.Debug|Any CPU.ActiveCfg = Debug|Any CPU
		{3A1EE8E5-74BB-4091-9B52-8DD7C1072C4F}.Debug|Any CPU.Build.0 = Debug|Any CPU
		{3A1EE8E5-74BB-4091-9B52-8DD7C1072C4F}.Release|Any CPU.ActiveCfg = Release|Any CPU
		{3A1EE8E5-74BB-4091-9B52-8DD7C1072C4F}.Release|Any CPU.Build.0 = Release|Any CPU
	EndGlobalSection
	GlobalSection(SolutionProperties) = preSolution
		HideSolutionNode = FALSE
	EndGlobalSection
	GlobalSection(NestedProjects) = preSolution
		{69A61C82-0218-4A3D-BD12-E1DDB516988D} = {499F484D-DC78-43E0-837E-9EF04AC1E806}
		{F09D11A6-37B7-4176-A996-D9B3CD9ACE4D} = {63FF032E-3E8F-4BAB-8EE3-E26C1A553D1C}
		{9DEC8242-D4F0-41DA-A68C-4723BEF796FA} = {63FF032E-3E8F-4BAB-8EE3-E26C1A553D1C}
		{0C24ED66-7AED-4D00-BF24-1F2C29F531E8} = {63FF032E-3E8F-4BAB-8EE3-E26C1A553D1C}
		{1CB2002C-9C75-4CCC-B61D-CE86B88894AC} = {63FF032E-3E8F-4BAB-8EE3-E26C1A553D1C}
		{8B676DFD-0394-4A89-885A-32D132FF1A1F} = {63FF032E-3E8F-4BAB-8EE3-E26C1A553D1C}
		{D08B8A0D-175C-4BC5-A49D-29E22B17DC33} = {63FF032E-3E8F-4BAB-8EE3-E26C1A553D1C}
		{69B6E322-3557-4378-9A10-BFBB3EED2D21} = {63FF032E-3E8F-4BAB-8EE3-E26C1A553D1C}
		{0087595E-3390-4A00-81F8-320C561664F7} = {A6F0DCB5-8F7D-4D38-A2B4-3BEC62459950}
		{5B0A08B9-91BB-4898-A96F-FAC10771B38D} = {63FF032E-3E8F-4BAB-8EE3-E26C1A553D1C}
		{4753BA78-92D4-4083-A34A-EF5315C6C0DF} = {738C7F92-B30A-4372-91DC-E03C7315073F}
		{FD1CF892-BA9A-4DFB-A700-02CDAB8FF694} = {738C7F92-B30A-4372-91DC-E03C7315073F}
		{C177EAEB-4197-4AF4-B7C9-E821C0115416} = {738C7F92-B30A-4372-91DC-E03C7315073F}
		{3A1EE8E5-74BB-4091-9B52-8DD7C1072C4F} = {738C7F92-B30A-4372-91DC-E03C7315073F}
	EndGlobalSection
	GlobalSection(ExtensibilityGlobals) = postSolution
		SolutionGuid = {AAAC1AD5-FC8B-4856-A33E-B0023F3F087E}
	EndGlobalSection
EndGlobal
